// !$*UTF8*$!
{
	archiveVersion = 1;
	classes = {
	};
	objectVersion = 50;
	objects = {

/* Begin PBXBuildFile section */
		41FA1EC320FCFE050098BBDF /* AppDelegate.swift in Sources */ = {isa = PBXBuildFile; fileRef = 41FA1EC220FCFE050098BBDF /* AppDelegate.swift */; };
		41FA1EC520FCFE050098BBDF /* ViewController.swift in Sources */ = {isa = PBXBuildFile; fileRef = 41FA1EC420FCFE050098BBDF /* ViewController.swift */; };
		41FA1EC820FCFE050098BBDF /* Main.storyboard in Resources */ = {isa = PBXBuildFile; fileRef = 41FA1EC620FCFE050098BBDF /* Main.storyboard */; };
		41FA1ECA20FCFE070098BBDF /* Assets.xcassets in Resources */ = {isa = PBXBuildFile; fileRef = 41FA1EC920FCFE070098BBDF /* Assets.xcassets */; };
		41FA1ECD20FCFE070098BBDF /* LaunchScreen.storyboard in Resources */ = {isa = PBXBuildFile; fileRef = 41FA1ECB20FCFE070098BBDF /* LaunchScreen.storyboard */; };
		B76E8D4E4A3254AA00D177F4 /* Pods_MagicCarpet.framework in Frameworks */ = {isa = PBXBuildFile; fileRef = A0F1F6CCA4FD5F0F7C4DD2EF /* Pods_MagicCarpet.framework */; };
/* End PBXBuildFile section */

/* Begin PBXFileReference section */
		0F56BD41EEDEDC5CBB83AD15 /* Pods-MagicCarpet.release.xcconfig */ = {isa = PBXFileReference; includeInIndex = 1; lastKnownFileType = text.xcconfig; name = "Pods-MagicCarpet.release.xcconfig"; path = "Pods/Target Support Files/Pods-MagicCarpet/Pods-MagicCarpet.release.xcconfig"; sourceTree = "<group>"; };
		41FA1EBF20FCFE050098BBDF /* MagicCarpet.app */ = {isa = PBXFileReference; explicitFileType = wrapper.application; includeInIndex = 0; path = MagicCarpet.app; sourceTree = BUILT_PRODUCTS_DIR; };
		41FA1EC220FCFE050098BBDF /* AppDelegate.swift */ = {isa = PBXFileReference; lastKnownFileType = sourcecode.swift; path = AppDelegate.swift; sourceTree = "<group>"; };
		41FA1EC420FCFE050098BBDF /* ViewController.swift */ = {isa = PBXFileReference; lastKnownFileType = sourcecode.swift; path = ViewController.swift; sourceTree = "<group>"; };
		41FA1EC720FCFE050098BBDF /* Base */ = {isa = PBXFileReference; lastKnownFileType = file.storyboard; name = Base; path = Base.lproj/Main.storyboard; sourceTree = "<group>"; };
		41FA1EC920FCFE070098BBDF /* Assets.xcassets */ = {isa = PBXFileReference; lastKnownFileType = folder.assetcatalog; path = Assets.xcassets; sourceTree = "<group>"; };
		41FA1ECC20FCFE070098BBDF /* Base */ = {isa = PBXFileReference; lastKnownFileType = file.storyboard; name = Base; path = Base.lproj/LaunchScreen.storyboard; sourceTree = "<group>"; };
		41FA1ECE20FCFE070098BBDF /* Info.plist */ = {isa = PBXFileReference; lastKnownFileType = text.plist.xml; path = Info.plist; sourceTree = "<group>"; };
		A0F1F6CCA4FD5F0F7C4DD2EF /* Pods_MagicCarpet.framework */ = {isa = PBXFileReference; explicitFileType = wrapper.framework; includeInIndex = 0; path = Pods_MagicCarpet.framework; sourceTree = BUILT_PRODUCTS_DIR; };
		E6D630E96FF9900CFD49C604 /* Pods-MagicCarpet.debug.xcconfig */ = {isa = PBXFileReference; includeInIndex = 1; lastKnownFileType = text.xcconfig; name = "Pods-MagicCarpet.debug.xcconfig"; path = "Pods/Target Support Files/Pods-MagicCarpet/Pods-MagicCarpet.debug.xcconfig"; sourceTree = "<group>"; };
/* End PBXFileReference section */

/* Begin PBXFrameworksBuildPhase section */
		41FA1EBC20FCFE050098BBDF /* Frameworks */ = {
			isa = PBXFrameworksBuildPhase;
			buildActionMask = 2147483647;
			files = (
				B76E8D4E4A3254AA00D177F4 /* Pods_MagicCarpet.framework in Frameworks */,
			);
			runOnlyForDeploymentPostprocessing = 0;
		};
/* End PBXFrameworksBuildPhase section */

/* Begin PBXGroup section */
		41FA1EB620FCFE050098BBDF = {
			isa = PBXGroup;
			children = (
				41FA1EC120FCFE050098BBDF /* MagicCarpet */,
				41FA1EC020FCFE050098BBDF /* Products */,
				953CA60163A9DA11610A6B96 /* Pods */,
				C1696E24929AFC91AE5811C3 /* Frameworks */,
			);
			sourceTree = "<group>";
		};
		41FA1EC020FCFE050098BBDF /* Products */ = {
			isa = PBXGroup;
			children = (
				41FA1EBF20FCFE050098BBDF /* MagicCarpet.app */,
			);
			name = Products;
			sourceTree = "<group>";
		};
		41FA1EC120FCFE050098BBDF /* MagicCarpet */ = {
			isa = PBXGroup;
			children = (
				41FA1EC220FCFE050098BBDF /* AppDelegate.swift */,
				41FA1EC420FCFE050098BBDF /* ViewController.swift */,
				41FA1EC620FCFE050098BBDF /* Main.storyboard */,
				41FA1EC920FCFE070098BBDF /* Assets.xcassets */,
				41FA1ECB20FCFE070098BBDF /* LaunchScreen.storyboard */,
				41FA1ECE20FCFE070098BBDF /* Info.plist */,
			);
			path = MagicCarpet;
			sourceTree = "<group>";
		};
		953CA60163A9DA11610A6B96 /* Pods */ = {
			isa = PBXGroup;
			children = (
				E6D630E96FF9900CFD49C604 /* Pods-MagicCarpet.debug.xcconfig */,
				0F56BD41EEDEDC5CBB83AD15 /* Pods-MagicCarpet.release.xcconfig */,
			);
			name = Pods;
			sourceTree = "<group>";
		};
		C1696E24929AFC91AE5811C3 /* Frameworks */ = {
			isa = PBXGroup;
			children = (
				A0F1F6CCA4FD5F0F7C4DD2EF /* Pods_MagicCarpet.framework */,
			);
			name = Frameworks;
			sourceTree = "<group>";
		};
/* End PBXGroup section */

/* Begin PBXNativeTarget section */
		41FA1EBE20FCFE050098BBDF /* MagicCarpet */ = {
			isa = PBXNativeTarget;
			buildConfigurationList = 41FA1ED120FCFE070098BBDF /* Build configuration list for PBXNativeTarget "MagicCarpet" */;
			buildPhases = (
				3C0DB4939849E1C11B61A1F0 /* [CP] Check Pods Manifest.lock */,
				41FA1EBB20FCFE050098BBDF /* Sources */,
				41FA1EBC20FCFE050098BBDF /* Frameworks */,
				41FA1EBD20FCFE050098BBDF /* Resources */,
				FD6D50D25905EA39F5CD7E76 /* [CP] Embed Pods Frameworks */,
			);
			buildRules = (
			);
			dependencies = (
			);
			name = MagicCarpet;
			productName = MagicCarpet;
			productReference = 41FA1EBF20FCFE050098BBDF /* MagicCarpet.app */;
			productType = "com.apple.product-type.application";
		};
/* End PBXNativeTarget section */

/* Begin PBXProject section */
		41FA1EB720FCFE050098BBDF /* Project object */ = {
			isa = PBXProject;
			attributes = {
				LastSwiftUpdateCheck = 0940;
				LastUpgradeCheck = 0940;
				ORGANIZATIONNAME = "Steven Schwedt";
				TargetAttributes = {
					41FA1EBE20FCFE050098BBDF = {
						CreatedOnToolsVersion = 9.4.1;
					};
				};
			};
			buildConfigurationList = 41FA1EBA20FCFE050098BBDF /* Build configuration list for PBXProject "MagicCarpet" */;
			compatibilityVersion = "Xcode 9.3";
			developmentRegion = en;
			hasScannedForEncodings = 0;
			knownRegions = (
				en,
				Base,
			);
			mainGroup = 41FA1EB620FCFE050098BBDF;
			productRefGroup = 41FA1EC020FCFE050098BBDF /* Products */;
			projectDirPath = "";
			projectRoot = "";
			targets = (
				41FA1EBE20FCFE050098BBDF /* MagicCarpet */,
			);
		};
/* End PBXProject section */

/* Begin PBXResourcesBuildPhase section */
		41FA1EBD20FCFE050098BBDF /* Resources */ = {
			isa = PBXResourcesBuildPhase;
			buildActionMask = 2147483647;
			files = (
				41FA1ECD20FCFE070098BBDF /* LaunchScreen.storyboard in Resources */,
				41FA1ECA20FCFE070098BBDF /* Assets.xcassets in Resources */,
				41FA1EC820FCFE050098BBDF /* Main.storyboard in Resources */,
			);
			runOnlyForDeploymentPostprocessing = 0;
		};
/* End PBXResourcesBuildPhase section */

/* Begin PBXShellScriptBuildPhase section */
		3C0DB4939849E1C11B61A1F0 /* [CP] Check Pods Manifest.lock */ = {
			isa = PBXShellScriptBuildPhase;
			buildActionMask = 2147483647;
			files = (
			);
			inputPaths = (
				"${PODS_PODFILE_DIR_PATH}/Podfile.lock",
				"${PODS_ROOT}/Manifest.lock",
			);
			name = "[CP] Check Pods Manifest.lock";
			outputPaths = (
				"$(DERIVED_FILE_DIR)/Pods-MagicCarpet-checkManifestLockResult.txt",
			);
			runOnlyForDeploymentPostprocessing = 0;
			shellPath = /bin/sh;
			shellScript = "diff \"${PODS_PODFILE_DIR_PATH}/Podfile.lock\" \"${PODS_ROOT}/Manifest.lock\" > /dev/null\nif [ $? != 0 ] ; then\n    # print error to STDERR\n    echo \"error: The sandbox is not in sync with the Podfile.lock. Run 'pod install' or update your CocoaPods installation.\" >&2\n    exit 1\nfi\n# This output is used by Xcode 'outputs' to avoid re-running this script phase.\necho \"SUCCESS\" > \"${SCRIPT_OUTPUT_FILE_0}\"\n";
			showEnvVarsInLog = 0;
		};
		FD6D50D25905EA39F5CD7E76 /* [CP] Embed Pods Frameworks */ = {
			isa = PBXShellScriptBuildPhase;
			buildActionMask = 2147483647;
			files = (
			);
			inputPaths = (
				"${SRCROOT}/Pods/Target Support Files/Pods-MagicCarpet/Pods-MagicCarpet-frameworks.sh",
				"${BUILT_PRODUCTS_DIR}/Alamofire/Alamofire.framework",
			);
			name = "[CP] Embed Pods Frameworks";
			outputPaths = (
				"${TARGET_BUILD_DIR}/${FRAMEWORKS_FOLDER_PATH}/Alamofire.framework",
			);
			runOnlyForDeploymentPostprocessing = 0;
			shellPath = /bin/sh;
			shellScript = "\"${SRCROOT}/Pods/Target Support Files/Pods-MagicCarpet/Pods-MagicCarpet-frameworks.sh\"\n";
			showEnvVarsInLog = 0;
		};
/* End PBXShellScriptBuildPhase section */

/* Begin PBXSourcesBuildPhase section */
		41FA1EBB20FCFE050098BBDF /* Sources */ = {
			isa = PBXSourcesBuildPhase;
			buildActionMask = 2147483647;
			files = (
				41FA1EC520FCFE050098BBDF /* ViewController.swift in Sources */,
				41FA1EC320FCFE050098BBDF /* AppDelegate.swift in Sources */,
			);
			runOnlyForDeploymentPostprocessing = 0;
		};
/* End PBXSourcesBuildPhase section */

/* Begin PBXVariantGroup section */
		41FA1EC620FCFE050098BBDF /* Main.storyboard */ = {
			isa = PBXVariantGroup;
			children = (
				41FA1EC720FCFE050098BBDF /* Base */,
			);
			name = Main.storyboard;
			sourceTree = "<group>";
		};
		41FA1ECB20FCFE070098BBDF /* LaunchScreen.storyboard */ = {
			isa = PBXVariantGroup;
			children = (
				41FA1ECC20FCFE070098BBDF /* Base */,
			);
			name = LaunchScreen.storyboard;
			sourceTree = "<group>";
		};
/* End PBXVariantGroup section */

/* Begin XCBuildConfiguration section */
		41FA1ECF20FCFE070098BBDF /* Debug */ = {
			isa = XCBuildConfiguration;
			buildSettings = {
				ALWAYS_SEARCH_USER_PATHS = NO;
				CLANG_ANALYZER_NONNULL = YES;
				CLANG_ANALYZER_NUMBER_OBJECT_CONVERSION = YES_AGGRESSIVE;
				CLANG_CXX_LANGUAGE_STANDARD = "gnu++14";
				CLANG_CXX_LIBRARY = "libc++";
				CLANG_ENABLE_MODULES = YES;
				CLANG_ENABLE_OBJC_ARC = YES;
				CLANG_ENABLE_OBJC_WEAK = YES;
				CLANG_WARN_BLOCK_CAPTURE_AUTORELEASING = YES;
				CLANG_WARN_BOOL_CONVERSION = YES;
				CLANG_WARN_COMMA = YES;
				CLANG_WARN_CONSTANT_CONVERSION = YES;
				CLANG_WARN_DEPRECATED_OBJC_IMPLEMENTATIONS = YES;
				CLANG_WARN_DIRECT_OBJC_ISA_USAGE = YES_ERROR;
				CLANG_WARN_DOCUMENTATION_COMMENTS = YES;
				CLANG_WARN_EMPTY_BODY = YES;
				CLANG_WARN_ENUM_CONVERSION = YES;
				CLANG_WARN_INFINITE_RECURSION = YES;
				CLANG_WARN_INT_CONVERSION = YES;
				CLANG_WARN_NON_LITERAL_NULL_CONVERSION = YES;
				CLANG_WARN_OBJC_IMPLICIT_RETAIN_SELF = YES;
				CLANG_WARN_OBJC_LITERAL_CONVERSION = YES;
				CLANG_WARN_OBJC_ROOT_CLASS = YES_ERROR;
				CLANG_WARN_RANGE_LOOP_ANALYSIS = YES;
				CLANG_WARN_STRICT_PROTOTYPES = YES;
				CLANG_WARN_SUSPICIOUS_MOVE = YES;
				CLANG_WARN_UNGUARDED_AVAILABILITY = YES_AGGRESSIVE;
				CLANG_WARN_UNREACHABLE_CODE = YES;
				CLANG_WARN__DUPLICATE_METHOD_MATCH = YES;
				CODE_SIGN_IDENTITY = "iPhone Developer";
				COPY_PHASE_STRIP = NO;
				DEBUG_INFORMATION_FORMAT = dwarf;
				ENABLE_STRICT_OBJC_MSGSEND = YES;
				ENABLE_TESTABILITY = YES;
				GCC_C_LANGUAGE_STANDARD = gnu11;
				GCC_DYNAMIC_NO_PIC = NO;
				GCC_NO_COMMON_BLOCKS = YES;
				GCC_OPTIMIZATION_LEVEL = 0;
				GCC_PREPROCESSOR_DEFINITIONS = (
					"DEBUG=1",
					"$(inherited)",
				);
				GCC_WARN_64_TO_32_BIT_CONVERSION = YES;
				GCC_WARN_ABOUT_RETURN_TYPE = YES_ERROR;
				GCC_WARN_UNDECLARED_SELECTOR = YES;
				GCC_WARN_UNINITIALIZED_AUTOS = YES_AGGRESSIVE;
				GCC_WARN_UNUSED_FUNCTION = YES;
				GCC_WARN_UNUSED_VARIABLE = YES;
				IPHONEOS_DEPLOYMENT_TARGET = 11.4;
				MTL_ENABLE_DEBUG_INFO = YES;
				ONLY_ACTIVE_ARCH = YES;
				SDKROOT = iphoneos;
				SWIFT_ACTIVE_COMPILATION_CONDITIONS = DEBUG;
				SWIFT_OPTIMIZATION_LEVEL = "-Onone";
			};
			name = Debug;
		};
		41FA1ED020FCFE070098BBDF /* Release */ = {
			isa = XCBuildConfiguration;
			buildSettings = {
				ALWAYS_SEARCH_USER_PATHS = NO;
				CLANG_ANALYZER_NONNULL = YES;
				CLANG_ANALYZER_NUMBER_OBJECT_CONVERSION = YES_AGGRESSIVE;
				CLANG_CXX_LANGUAGE_STANDARD = "gnu++14";
				CLANG_CXX_LIBRARY = "libc++";
				CLANG_ENABLE_MODULES = YES;
				CLANG_ENABLE_OBJC_ARC = YES;
				CLANG_ENABLE_OBJC_WEAK = YES;
				CLANG_WARN_BLOCK_CAPTURE_AUTORELEASING = YES;
				CLANG_WARN_BOOL_CONVERSION = YES;
				CLANG_WARN_COMMA = YES;
				CLANG_WARN_CONSTANT_CONVERSION = YES;
				CLANG_WARN_DEPRECATED_OBJC_IMPLEMENTATIONS = YES;
				CLANG_WARN_DIRECT_OBJC_ISA_USAGE = YES_ERROR;
				CLANG_WARN_DOCUMENTATION_COMMENTS = YES;
				CLANG_WARN_EMPTY_BODY = YES;
				CLANG_WARN_ENUM_CONVERSION = YES;
				CLANG_WARN_INFINITE_RECURSION = YES;
				CLANG_WARN_INT_CONVERSION = YES;
				CLANG_WARN_NON_LITERAL_NULL_CONVERSION = YES;
				CLANG_WARN_OBJC_IMPLICIT_RETAIN_SELF = YES;
				CLANG_WARN_OBJC_LITERAL_CONVERSION = YES;
				CLANG_WARN_OBJC_ROOT_CLASS = YES_ERROR;
				CLANG_WARN_RANGE_LOOP_ANALYSIS = YES;
				CLANG_WARN_STRICT_PROTOTYPES = YES;
				CLANG_WARN_SUSPICIOUS_MOVE = YES;
				CLANG_WARN_UNGUARDED_AVAILABILITY = YES_AGGRESSIVE;
				CLANG_WARN_UNREACHABLE_CODE = YES;
				CLANG_WARN__DUPLICATE_METHOD_MATCH = YES;
				CODE_SIGN_IDENTITY = "iPhone Developer";
				COPY_PHASE_STRIP = NO;
				DEBUG_INFORMATION_FORMAT = "dwarf-with-dsym";
				ENABLE_NS_ASSERTIONS = NO;
				ENABLE_STRICT_OBJC_MSGSEND = YES;
				GCC_C_LANGUAGE_STANDARD = gnu11;
				GCC_NO_COMMON_BLOCKS = YES;
				GCC_WARN_64_TO_32_BIT_CONVERSION = YES;
				GCC_WARN_ABOUT_RETURN_TYPE = YES_ERROR;
				GCC_WARN_UNDECLARED_SELECTOR = YES;
				GCC_WARN_UNINITIALIZED_AUTOS = YES_AGGRESSIVE;
				GCC_WARN_UNUSED_FUNCTION = YES;
				GCC_WARN_UNUSED_VARIABLE = YES;
				IPHONEOS_DEPLOYMENT_TARGET = 11.4;
				MTL_ENABLE_DEBUG_INFO = NO;
				SDKROOT = iphoneos;
				SWIFT_COMPILATION_MODE = wholemodule;
				SWIFT_OPTIMIZATION_LEVEL = "-O";
				VALIDATE_PRODUCT = YES;
			};
			name = Release;
		};
		41FA1ED220FCFE070098BBDF /* Debug */ = {
			isa = XCBuildConfiguration;
			baseConfigurationReference = E6D630E96FF9900CFD49C604 /* Pods-MagicCarpet.debug.xcconfig */;
			buildSettings = {
				ASSETCATALOG_COMPILER_APPICON_NAME = AppIcon;
				CODE_SIGN_STYLE = Automatic;
				DEVELOPMENT_TEAM = E9HGW794JX;
				INFOPLIST_FILE = MagicCarpet/Info.plist;
				IPHONEOS_DEPLOYMENT_TARGET = 10.2;
				LD_RUNPATH_SEARCH_PATHS = (
					"$(inherited)",
					"@executable_path/Frameworks",
				);
				PRODUCT_BUNDLE_IDENTIFIER = com.steve.MagicCarpet;
				PRODUCT_NAME = "$(TARGET_NAME)";
				SWIFT_VERSION = 4.0;
				TARGETED_DEVICE_FAMILY = "1,2";
			};
			name = Debug;
		};
		41FA1ED320FCFE070098BBDF /* Release */ = {
			isa = XCBuildConfiguration;
			baseConfigurationReference = 0F56BD41EEDEDC5CBB83AD15 /* Pods-MagicCarpet.release.xcconfig */;
			buildSettings = {
				ASSETCATALOG_COMPILER_APPICON_NAME = AppIcon;
				CODE_SIGN_STYLE = Automatic;
				DEVELOPMENT_TEAM = E9HGW794JX;
				INFOPLIST_FILE = MagicCarpet/Info.plist;
				IPHONEOS_DEPLOYMENT_TARGET = 10.2;
				LD_RUNPATH_SEARCH_PATHS = (
					"$(inherited)",
					"@executable_path/Frameworks",
				);
				PRODUCT_BUNDLE_IDENTIFIER = com.steve.MagicCarpet;
				PRODUCT_NAME = "$(TARGET_NAME)";
				SWIFT_VERSION = 4.0;
				TARGETED_DEVICE_FAMILY = "1,2";
			};
			name = Release;
		};
/* End XCBuildConfiguration section */

/* Begin XCConfigurationList section */
		41FA1EBA20FCFE050098BBDF /* Build configuration list for PBXProject "MagicCarpet" */ = {
			isa = XCConfigurationList;
			buildConfigurations = (
				41FA1ECF20FCFE070098BBDF /* Debug */,
				41FA1ED020FCFE070098BBDF /* Release */,
			);
			defaultConfigurationIsVisible = 0;
			defaultConfigurationName = Release;
		};
		41FA1ED120FCFE070098BBDF /* Build configuration list for PBXNativeTarget "MagicCarpet" */ = {
			isa = XCConfigurationList;
			buildConfigurations = (
				41FA1ED220FCFE070098BBDF /* Debug */,
				41FA1ED320FCFE070098BBDF /* Release */,
			);
			defaultConfigurationIsVisible = 0;
			defaultConfigurationName = Release;
		};
/* End XCConfigurationList section */
	};
	rootObject = 41FA1EB720FCFE050098BBDF /* Project object */;
}
